// !$*UTF8*$!
{
	archiveVersion = 1;
	classes = {
	};
	objectVersion = 52;
	objects = {

/* Begin PBXBuildFile section */
		1B39BFAB296AEC7400662A9F /* HomeRouter.swift in Sources */ = {isa = PBXBuildFile; fileRef = 1B39BFAA296AEC7400662A9F /* HomeRouter.swift */; };
		1B39BFAE296AEC8D00662A9F /* HomeView.swift in Sources */ = {isa = PBXBuildFile; fileRef = 1B39BFAD296AEC8D00662A9F /* HomeView.swift */; };
		1B39BFB5296AEF3500662A9F /* Injection.swift in Sources */ = {isa = PBXBuildFile; fileRef = 1B39BFB4296AEF3500662A9F /* Injection.swift */; };
		1B39BFBC296AF14100662A9F /* DetailInteractor.swift in Sources */ = {isa = PBXBuildFile; fileRef = 1B39BFBB296AF14100662A9F /* DetailInteractor.swift */; };
		1B39BFC1296AF22800662A9F /* GameRepository.swift in Sources */ = {isa = PBXBuildFile; fileRef = 1B39BFC0296AF22800662A9F /* GameRepository.swift */; };
		1B39BFC3296AF43400662A9F /* LocaleDataSource.swift in Sources */ = {isa = PBXBuildFile; fileRef = 1B39BFC2296AF43400662A9F /* LocaleDataSource.swift */; };
		1B39BFC8296AF65200662A9F /* CustomError.swift in Sources */ = {isa = PBXBuildFile; fileRef = 1B39BFC7296AF65200662A9F /* CustomError.swift */; };
		1B39BFCA296AF72D00662A9F /* RemoteDataSource.swift in Sources */ = {isa = PBXBuildFile; fileRef = 1B39BFC9296AF72D00662A9F /* RemoteDataSource.swift */; };
		1B3E8F5627039A9A0068E267 /* CustomImageView.swift in Sources */ = {isa = PBXBuildFile; fileRef = 1B3E8F5527039A9A0068E267 /* CustomImageView.swift */; };
		1B4E8EA62704F7C8001CF0F1 /* RatingView.swift in Sources */ = {isa = PBXBuildFile; fileRef = 1B4E8EA52704F7C8001CF0F1 /* RatingView.swift */; };
		1B4E8EA82704F89F001CF0F1 /* AboutView.swift in Sources */ = {isa = PBXBuildFile; fileRef = 1B4E8EA72704F89F001CF0F1 /* AboutView.swift */; };
		1B7641FB2980355D001FB4B9 /* gamepediaTests.swift in Sources */ = {isa = PBXBuildFile; fileRef = 1B7641FA2980355D001FB4B9 /* gamepediaTests.swift */; };
		1B7642062981BA4E001FB4B9 /* Core in Frameworks */ = {isa = PBXBuildFile; productRef = 1B7642052981BA4E001FB4B9 /* Core */; };
		1B7642082981BA53001FB4B9 /* Game in Frameworks */ = {isa = PBXBuildFile; productRef = 1B7642072981BA53001FB4B9 /* Game */; };
		1BB21CF4270352BD004004E2 /* gamepediaApp.swift in Sources */ = {isa = PBXBuildFile; fileRef = 1BB21CF3270352BD004004E2 /* gamepediaApp.swift */; };
		1BB21CF6270352BD004004E2 /* ContentView.swift in Sources */ = {isa = PBXBuildFile; fileRef = 1BB21CF5270352BD004004E2 /* ContentView.swift */; };
		1BB21CF8270352C1004004E2 /* Assets.xcassets in Resources */ = {isa = PBXBuildFile; fileRef = 1BB21CF7270352C1004004E2 /* Assets.xcassets */; };
		1BB21CFB270352C1004004E2 /* Preview Assets.xcassets in Resources */ = {isa = PBXBuildFile; fileRef = 1BB21CFA270352C1004004E2 /* Preview Assets.xcassets */; };
		1BFD84DD296DFE4C0087651A /* DetailView.swift in Sources */ = {isa = PBXBuildFile; fileRef = 1BFD84DC296DFE4C0087651A /* DetailView.swift */; };
		1BFD84E1296DFE610087651A /* Detailpresenter.swift in Sources */ = {isa = PBXBuildFile; fileRef = 1BFD84E0296DFE610087651A /* Detailpresenter.swift */; };
		1BFD84E4296EB3990087651A /* CachedAsyncImage in Frameworks */ = {isa = PBXBuildFile; productRef = 1BFD84E3296EB3990087651A /* CachedAsyncImage */; };
/* End PBXBuildFile section */

/* Begin PBXContainerItemProxy section */
		1B7641FC2980355D001FB4B9 /* PBXContainerItemProxy */ = {
			isa = PBXContainerItemProxy;
			containerPortal = 1BB21CE8270352BD004004E2 /* Project object */;
			proxyType = 1;
			remoteGlobalIDString = 1BB21CEF270352BD004004E2;
			remoteInfo = gamepedia;
		};
/* End PBXContainerItemProxy section */

/* Begin PBXFileReference section */
		1B39BFAA296AEC7400662A9F /* HomeRouter.swift */ = {isa = PBXFileReference; lastKnownFileType = sourcecode.swift; path = HomeRouter.swift; sourceTree = "<group>"; };
		1B39BFAD296AEC8D00662A9F /* HomeView.swift */ = {isa = PBXFileReference; lastKnownFileType = sourcecode.swift; path = HomeView.swift; sourceTree = "<group>"; };
		1B39BFB4296AEF3500662A9F /* Injection.swift */ = {isa = PBXFileReference; lastKnownFileType = sourcecode.swift; path = Injection.swift; sourceTree = "<group>"; };
		1B39BFBB296AF14100662A9F /* DetailInteractor.swift */ = {isa = PBXFileReference; lastKnownFileType = sourcecode.swift; path = DetailInteractor.swift; sourceTree = "<group>"; };
		1B39BFC0296AF22800662A9F /* GameRepository.swift */ = {isa = PBXFileReference; lastKnownFileType = sourcecode.swift; path = GameRepository.swift; sourceTree = "<group>"; };
		1B39BFC2296AF43400662A9F /* LocaleDataSource.swift */ = {isa = PBXFileReference; lastKnownFileType = sourcecode.swift; path = LocaleDataSource.swift; sourceTree = "<group>"; };
		1B39BFC7296AF65200662A9F /* CustomError.swift */ = {isa = PBXFileReference; lastKnownFileType = sourcecode.swift; path = CustomError.swift; sourceTree = "<group>"; };
		1B39BFC9296AF72D00662A9F /* RemoteDataSource.swift */ = {isa = PBXFileReference; lastKnownFileType = sourcecode.swift; path = RemoteDataSource.swift; sourceTree = "<group>"; };
		1B3E8F5527039A9A0068E267 /* CustomImageView.swift */ = {isa = PBXFileReference; lastKnownFileType = sourcecode.swift; path = CustomImageView.swift; sourceTree = "<group>"; };
		1B4E8EA52704F7C8001CF0F1 /* RatingView.swift */ = {isa = PBXFileReference; lastKnownFileType = sourcecode.swift; path = RatingView.swift; sourceTree = "<group>"; };
		1B4E8EA72704F89F001CF0F1 /* AboutView.swift */ = {isa = PBXFileReference; lastKnownFileType = sourcecode.swift; path = AboutView.swift; sourceTree = "<group>"; };
		1B7641F82980355C001FB4B9 /* gamepediaTests.xctest */ = {isa = PBXFileReference; explicitFileType = wrapper.cfbundle; includeInIndex = 0; path = gamepediaTests.xctest; sourceTree = BUILT_PRODUCTS_DIR; };
		1B7641FA2980355D001FB4B9 /* gamepediaTests.swift */ = {isa = PBXFileReference; lastKnownFileType = sourcecode.swift; path = gamepediaTests.swift; sourceTree = "<group>"; };
		1B76420129810E6F001FB4B9 /* Core */ = {isa = PBXFileReference; lastKnownFileType = wrapper; name = Core; path = Modules/Core; sourceTree = "<group>"; };
		1B76420229811FEA001FB4B9 /* Game */ = {isa = PBXFileReference; lastKnownFileType = wrapper; name = Game; path = Modules/Game/Game; sourceTree = "<group>"; };
		1B7642042981A19A001FB4B9 /* Package.swift */ = {isa = PBXFileReference; lastKnownFileType = sourcecode.swift; name = Package.swift; path = Modules/Game/Game/Package.swift; sourceTree = "<group>"; };
		1BB21CF0270352BD004004E2 /* gamepedia.app */ = {isa = PBXFileReference; explicitFileType = wrapper.application; includeInIndex = 0; path = gamepedia.app; sourceTree = BUILT_PRODUCTS_DIR; };
		1BB21CF3270352BD004004E2 /* gamepediaApp.swift */ = {isa = PBXFileReference; lastKnownFileType = sourcecode.swift; path = gamepediaApp.swift; sourceTree = "<group>"; };
		1BB21CF5270352BD004004E2 /* ContentView.swift */ = {isa = PBXFileReference; lastKnownFileType = sourcecode.swift; path = ContentView.swift; sourceTree = "<group>"; };
		1BB21CF7270352C1004004E2 /* Assets.xcassets */ = {isa = PBXFileReference; lastKnownFileType = folder.assetcatalog; path = Assets.xcassets; sourceTree = "<group>"; };
		1BB21CFA270352C1004004E2 /* Preview Assets.xcassets */ = {isa = PBXFileReference; lastKnownFileType = folder.assetcatalog; path = "Preview Assets.xcassets"; sourceTree = "<group>"; };
		1BB21D01270352C1004004E2 /* Info.plist */ = {isa = PBXFileReference; lastKnownFileType = text.plist.xml; path = Info.plist; sourceTree = "<group>"; };
		1BFD84DC296DFE4C0087651A /* DetailView.swift */ = {isa = PBXFileReference; lastKnownFileType = sourcecode.swift; path = DetailView.swift; sourceTree = "<group>"; };
		1BFD84E0296DFE610087651A /* Detailpresenter.swift */ = {isa = PBXFileReference; lastKnownFileType = sourcecode.swift; path = Detailpresenter.swift; sourceTree = "<group>"; };
/* End PBXFileReference section */

/* Begin PBXFrameworksBuildPhase section */
		1B7641F52980355C001FB4B9 /* Frameworks */ = {
			isa = PBXFrameworksBuildPhase;
			buildActionMask = 2147483647;
			files = (
			);
			runOnlyForDeploymentPostprocessing = 0;
		};
		1BB21CED270352BD004004E2 /* Frameworks */ = {
			isa = PBXFrameworksBuildPhase;
			buildActionMask = 2147483647;
			files = (
				1B7642082981BA53001FB4B9 /* Game in Frameworks */,
				1B7642062981BA4E001FB4B9 /* Core in Frameworks */,
				1BFD84E4296EB3990087651A /* CachedAsyncImage in Frameworks */,
			);
			runOnlyForDeploymentPostprocessing = 0;
		};
/* End PBXFrameworksBuildPhase section */

/* Begin PBXGroup section */
		1B39BF9F296AEB9600662A9F /* App */ = {
			isa = PBXGroup;
			children = (
				1BB21CF5270352BD004004E2 /* ContentView.swift */,
				1BB21CF3270352BD004004E2 /* gamepediaApp.swift */,
			);
			path = App;
			sourceTree = "<group>";
		};
		1B39BFA0296AEBD600662A9F /* Module */ = {
			isa = PBXGroup;
			children = (
				1B39BFA2296AEBF000662A9F /* Detail */,
				1B39BFA1296AEBEA00662A9F /* Home */,
			);
			path = Module;
			sourceTree = "<group>";
		};
		1B39BFA1296AEBEA00662A9F /* Home */ = {
			isa = PBXGroup;
			children = (
				1B39BFA5296AEC0D00662A9F /* Router */,
				1B39BFA6296AEC2600662A9F /* View */,
			);
			path = Home;
			sourceTree = "<group>";
		};
		1B39BFA2296AEBF000662A9F /* Detail */ = {
			isa = PBXGroup;
			children = (
				1BFD84DB296DFE3E0087651A /* Presenter */,
				1BFD84D9296DFE280087651A /* View */,
			);
			path = Detail;
			sourceTree = "<group>";
		};
		1B39BFA5296AEC0D00662A9F /* Router */ = {
			isa = PBXGroup;
			children = (
				1B39BFAA296AEC7400662A9F /* HomeRouter.swift */,
			);
			path = Router;
			sourceTree = "<group>";
		};
		1B39BFA6296AEC2600662A9F /* View */ = {
			isa = PBXGroup;
			children = (
				1B39BFAD296AEC8D00662A9F /* HomeView.swift */,
			);
			path = View;
			sourceTree = "<group>";
		};
		1B39BFAF296AED6600662A9F /* Core */ = {
			isa = PBXGroup;
			children = (
				1B39BFBD296AF1FD00662A9F /* Data */,
				1B39BFB6296AEF6000662A9F /* Domain */,
				1B39BFB0296AED6E00662A9F /* DI */,
			);
			path = Core;
			sourceTree = "<group>";
		};
		1B39BFB0296AED6E00662A9F /* DI */ = {
			isa = PBXGroup;
			children = (
				1B39BFB4296AEF3500662A9F /* Injection.swift */,
			);
			path = DI;
			sourceTree = "<group>";
		};
		1B39BFB6296AEF6000662A9F /* Domain */ = {
			isa = PBXGroup;
			children = (
				1B39BFB8296AF10A00662A9F /* UseCase */,
				1B39BFB7296AF10400662A9F /* Model */,
			);
			path = Domain;
			sourceTree = "<group>";
		};
		1B39BFB7296AF10400662A9F /* Model */ = {
			isa = PBXGroup;
			children = (
			);
			path = Model;
			sourceTree = "<group>";
		};
		1B39BFB8296AF10A00662A9F /* UseCase */ = {
			isa = PBXGroup;
			children = (
				1B39BFBB296AF14100662A9F /* DetailInteractor.swift */,
			);
			path = UseCase;
			sourceTree = "<group>";
		};
		1B39BFBD296AF1FD00662A9F /* Data */ = {
			isa = PBXGroup;
			children = (
				1B39BFBF296AF21500662A9F /* Remote */,
				1B39BFBE296AF20E00662A9F /* Locale */,
				1B39BFC0296AF22800662A9F /* GameRepository.swift */,
			);
			path = Data;
			sourceTree = "<group>";
		};
		1B39BFBE296AF20E00662A9F /* Locale */ = {
			isa = PBXGroup;
			children = (
				1B39BFC4296AF43D00662A9F /* Entity */,
				1B39BFC2296AF43400662A9F /* LocaleDataSource.swift */,
			);
			path = Locale;
			sourceTree = "<group>";
		};
		1B39BFBF296AF21500662A9F /* Remote */ = {
			isa = PBXGroup;
			children = (
				1B39BFCE296B06A700662A9F /* Response */,
				1B39BFC9296AF72D00662A9F /* RemoteDataSource.swift */,
			);
			path = Remote;
			sourceTree = "<group>";
		};
		1B39BFC4296AF43D00662A9F /* Entity */ = {
			isa = PBXGroup;
			children = (
			);
			path = Entity;
			sourceTree = "<group>";
		};
		1B39BFCE296B06A700662A9F /* Response */ = {
			isa = PBXGroup;
			children = (
			);
			path = Response;
			sourceTree = "<group>";
		};
		1B3E8F54270399B30068E267 /* extension */ = {
			isa = PBXGroup;
			children = (
				1B3E8F5527039A9A0068E267 /* CustomImageView.swift */,
				1B39BFC7296AF65200662A9F /* CustomError.swift */,
			);
			path = extension;
			sourceTree = "<group>";
		};
		1B7641F92980355D001FB4B9 /* gamepediaTests */ = {
			isa = PBXGroup;
			children = (
				1B7641FA2980355D001FB4B9 /* gamepediaTests.swift */,
			);
			path = gamepediaTests;
			sourceTree = "<group>";
		};
		1B7642032981A17D001FB4B9 /* Frameworks */ = {
			isa = PBXGroup;
			children = (
				1B7642042981A19A001FB4B9 /* Package.swift */,
			);
			name = Frameworks;
			sourceTree = "<group>";
		};
		1BB21CE7270352BD004004E2 = {
			isa = PBXGroup;
			children = (
				1B76420229811FEA001FB4B9 /* Game */,
				1B76420129810E6F001FB4B9 /* Core */,
				1BB21CF2270352BD004004E2 /* gamepedia */,
				1B7641F92980355D001FB4B9 /* gamepediaTests */,
				1BB21CF1270352BD004004E2 /* Products */,
				1B7642032981A17D001FB4B9 /* Frameworks */,
			);
			sourceTree = "<group>";
		};
		1BB21CF1270352BD004004E2 /* Products */ = {
			isa = PBXGroup;
			children = (
				1BB21CF0270352BD004004E2 /* gamepedia.app */,
				1B7641F82980355C001FB4B9 /* gamepediaTests.xctest */,
			);
			name = Products;
			sourceTree = "<group>";
		};
		1BB21CF2270352BD004004E2 /* gamepedia */ = {
			isa = PBXGroup;
			children = (
				1B39BFAF296AED6600662A9F /* Core */,
				1B39BFA0296AEBD600662A9F /* Module */,
				1B39BF9F296AEB9600662A9F /* App */,
				1BE4164E296F363800D7B633 /* Utils */,
				1BB21CF7270352C1004004E2 /* Assets.xcassets */,
				1BB21D01270352C1004004E2 /* Info.plist */,
				1BB21CF9270352C1004004E2 /* Preview Content */,
			);
			path = gamepedia;
			sourceTree = "<group>";
		};
		1BB21CF9270352C1004004E2 /* Preview Content */ = {
			isa = PBXGroup;
			children = (
				1BB21CFA270352C1004004E2 /* Preview Assets.xcassets */,
			);
			path = "Preview Content";
			sourceTree = "<group>";
		};
		1BE4164E296F363800D7B633 /* Utils */ = {
			isa = PBXGroup;
			children = (
				1BE4164F296F365400D7B633 /* Screen */,
				1B3E8F54270399B30068E267 /* extension */,
			);
			path = Utils;
			sourceTree = "<group>";
		};
		1BE4164F296F365400D7B633 /* Screen */ = {
			isa = PBXGroup;
			children = (
				1B4E8EA52704F7C8001CF0F1 /* RatingView.swift */,
				1B4E8EA72704F89F001CF0F1 /* AboutView.swift */,
			);
			path = Screen;
			sourceTree = "<group>";
		};
		1BFD84D9296DFE280087651A /* View */ = {
			isa = PBXGroup;
			children = (
				1BFD84DC296DFE4C0087651A /* DetailView.swift */,
			);
			path = View;
			sourceTree = "<group>";
		};
		1BFD84DB296DFE3E0087651A /* Presenter */ = {
			isa = PBXGroup;
			children = (
				1BFD84E0296DFE610087651A /* Detailpresenter.swift */,
			);
			path = Presenter;
			sourceTree = "<group>";
		};
/* End PBXGroup section */

/* Begin PBXNativeTarget section */
		1B7641F72980355C001FB4B9 /* gamepediaTests */ = {
			isa = PBXNativeTarget;
			buildConfigurationList = 1B7642002980355D001FB4B9 /* Build configuration list for PBXNativeTarget "gamepediaTests" */;
			buildPhases = (
				1B7641F42980355C001FB4B9 /* Sources */,
				1B7641F52980355C001FB4B9 /* Frameworks */,
				1B7641F62980355C001FB4B9 /* Resources */,
			);
			buildRules = (
			);
			dependencies = (
				1B7641FD2980355D001FB4B9 /* PBXTargetDependency */,
			);
			name = gamepediaTests;
			productName = gamepediaTests;
			productReference = 1B7641F82980355C001FB4B9 /* gamepediaTests.xctest */;
			productType = "com.apple.product-type.bundle.unit-test";
		};
		1BB21CEF270352BD004004E2 /* gamepedia */ = {
			isa = PBXNativeTarget;
			buildConfigurationList = 1BB21D04270352C2004004E2 /* Build configuration list for PBXNativeTarget "gamepedia" */;
			buildPhases = (
				1BB21CEC270352BD004004E2 /* Sources */,
				1BB21CED270352BD004004E2 /* Frameworks */,
				1BB21CEE270352BD004004E2 /* Resources */,
			);
			buildRules = (
			);
			dependencies = (
			);
			name = gamepedia;
			packageProductDependencies = (
				1BFD84E3296EB3990087651A /* CachedAsyncImage */,
				1B7642052981BA4E001FB4B9 /* Core */,
				1B7642072981BA53001FB4B9 /* Game */,
			);
			productName = gamepedia;
			productReference = 1BB21CF0270352BD004004E2 /* gamepedia.app */;
			productType = "com.apple.product-type.application";
		};
/* End PBXNativeTarget section */

/* Begin PBXProject section */
		1BB21CE8270352BD004004E2 /* Project object */ = {
			isa = PBXProject;
			attributes = {
				LastSwiftUpdateCheck = 1330;
				LastUpgradeCheck = 1250;
				TargetAttributes = {
					1B7641F72980355C001FB4B9 = {
						CreatedOnToolsVersion = 13.3;
						TestTargetID = 1BB21CEF270352BD004004E2;
					};
					1BB21CEF270352BD004004E2 = {
						CreatedOnToolsVersion = 12.5.1;
					};
				};
			};
			buildConfigurationList = 1BB21CEB270352BD004004E2 /* Build configuration list for PBXProject "gamepedia" */;
			compatibilityVersion = "Xcode 9.3";
			developmentRegion = en;
			hasScannedForEncodings = 0;
			knownRegions = (
				en,
				Base,
			);
			mainGroup = 1BB21CE7270352BD004004E2;
			packageReferences = (
				1BFD84E2296EB3990087651A /* XCRemoteSwiftPackageReference "swiftui-cached-async-image" */,
				1B7641EF29801C31001FB4B9 /* XCRemoteSwiftPackageReference "realm-swift" */,
			);
			productRefGroup = 1BB21CF1270352BD004004E2 /* Products */;
			projectDirPath = "";
			projectRoot = "";
			targets = (
				1BB21CEF270352BD004004E2 /* gamepedia */,
				1B7641F72980355C001FB4B9 /* gamepediaTests */,
			);
		};
/* End PBXProject section */

/* Begin PBXResourcesBuildPhase section */
		1B7641F62980355C001FB4B9 /* Resources */ = {
			isa = PBXResourcesBuildPhase;
			buildActionMask = 2147483647;
			files = (
			);
			runOnlyForDeploymentPostprocessing = 0;
		};
		1BB21CEE270352BD004004E2 /* Resources */ = {
			isa = PBXResourcesBuildPhase;
			buildActionMask = 2147483647;
			files = (
				1BB21CFB270352C1004004E2 /* Preview Assets.xcassets in Resources */,
				1BB21CF8270352C1004004E2 /* Assets.xcassets in Resources */,
			);
			runOnlyForDeploymentPostprocessing = 0;
		};
/* End PBXResourcesBuildPhase section */

/* Begin PBXSourcesBuildPhase section */
		1B7641F42980355C001FB4B9 /* Sources */ = {
			isa = PBXSourcesBuildPhase;
			buildActionMask = 2147483647;
			files = (
				1B7641FB2980355D001FB4B9 /* gamepediaTests.swift in Sources */,
			);
			runOnlyForDeploymentPostprocessing = 0;
		};
		1BB21CEC270352BD004004E2 /* Sources */ = {
			isa = PBXSourcesBuildPhase;
			buildActionMask = 2147483647;
			files = (
				1B3E8F5627039A9A0068E267 /* CustomImageView.swift in Sources */,
				1B39BFBC296AF14100662A9F /* DetailInteractor.swift in Sources */,
				1B39BFC3296AF43400662A9F /* LocaleDataSource.swift in Sources */,
				1B39BFAE296AEC8D00662A9F /* HomeView.swift in Sources */,
				1B4E8EA62704F7C8001CF0F1 /* RatingView.swift in Sources */,
				1B39BFC8296AF65200662A9F /* CustomError.swift in Sources */,
				1B4E8EA82704F89F001CF0F1 /* AboutView.swift in Sources */,
				1BB21CF6270352BD004004E2 /* ContentView.swift in Sources */,
				1B39BFAB296AEC7400662A9F /* HomeRouter.swift in Sources */,
				1BFD84DD296DFE4C0087651A /* DetailView.swift in Sources */,
				1BB21CF4270352BD004004E2 /* gamepediaApp.swift in Sources */,
				1B39BFCA296AF72D00662A9F /* RemoteDataSource.swift in Sources */,
				1B39BFB5296AEF3500662A9F /* Injection.swift in Sources */,
				1B39BFC1296AF22800662A9F /* GameRepository.swift in Sources */,
				1BFD84E1296DFE610087651A /* Detailpresenter.swift in Sources */,
			);
			runOnlyForDeploymentPostprocessing = 0;
		};
/* End PBXSourcesBuildPhase section */

/* Begin PBXTargetDependency section */
		1B7641FD2980355D001FB4B9 /* PBXTargetDependency */ = {
			isa = PBXTargetDependency;
			target = 1BB21CEF270352BD004004E2 /* gamepedia */;
			targetProxy = 1B7641FC2980355D001FB4B9 /* PBXContainerItemProxy */;
		};
/* End PBXTargetDependency section */

/* Begin XCBuildConfiguration section */
		1B7641FE2980355D001FB4B9 /* Debug */ = {
			isa = XCBuildConfiguration;
			buildSettings = {
				BUNDLE_LOADER = "$(TEST_HOST)";
				CLANG_CXX_LANGUAGE_STANDARD = "gnu++17";
				CODE_SIGN_STYLE = Automatic;
				CURRENT_PROJECT_VERSION = 1;
				DEVELOPMENT_TEAM = VK225RKFQH;
				GENERATE_INFOPLIST_FILE = YES;
				IPHONEOS_DEPLOYMENT_TARGET = 15.4;
				MARKETING_VERSION = 1.0;
				PRODUCT_BUNDLE_IDENTIFIER = com.rehanchrl.gamepediaTests;
				PRODUCT_NAME = "$(TARGET_NAME)";
				SWIFT_EMIT_LOC_STRINGS = NO;
				SWIFT_VERSION = 5.0;
				TARGETED_DEVICE_FAMILY = "1,2";
				TEST_HOST = "$(BUILT_PRODUCTS_DIR)/gamepedia.app/gamepedia";
			};
			name = Debug;
		};
		1B7641FF2980355D001FB4B9 /* Release */ = {
			isa = XCBuildConfiguration;
			buildSettings = {
				BUNDLE_LOADER = "$(TEST_HOST)";
				CLANG_CXX_LANGUAGE_STANDARD = "gnu++17";
				CODE_SIGN_STYLE = Automatic;
				CURRENT_PROJECT_VERSION = 1;
				DEVELOPMENT_TEAM = VK225RKFQH;
				GENERATE_INFOPLIST_FILE = YES;
				IPHONEOS_DEPLOYMENT_TARGET = 15.4;
				MARKETING_VERSION = 1.0;
				PRODUCT_BUNDLE_IDENTIFIER = com.rehanchrl.gamepediaTests;
				PRODUCT_NAME = "$(TARGET_NAME)";
				SWIFT_EMIT_LOC_STRINGS = NO;
				SWIFT_VERSION = 5.0;
				TARGETED_DEVICE_FAMILY = "1,2";
				TEST_HOST = "$(BUILT_PRODUCTS_DIR)/gamepedia.app/gamepedia";
			};
			name = Release;
		};
		1BB21D02270352C1004004E2 /* Debug */ = {
			isa = XCBuildConfiguration;
			buildSettings = {
				ALWAYS_SEARCH_USER_PATHS = NO;
				CLANG_ANALYZER_NONNULL = YES;
				CLANG_ANALYZER_NUMBER_OBJECT_CONVERSION = YES_AGGRESSIVE;
				CLANG_CXX_LANGUAGE_STANDARD = "gnu++14";
				CLANG_CXX_LIBRARY = "libc++";
				CLANG_ENABLE_MODULES = YES;
				CLANG_ENABLE_OBJC_ARC = YES;
				CLANG_ENABLE_OBJC_WEAK = YES;
				CLANG_WARN_BLOCK_CAPTURE_AUTORELEASING = YES;
				CLANG_WARN_BOOL_CONVERSION = YES;
				CLANG_WARN_COMMA = YES;
				CLANG_WARN_CONSTANT_CONVERSION = YES;
				CLANG_WARN_DEPRECATED_OBJC_IMPLEMENTATIONS = YES;
				CLANG_WARN_DIRECT_OBJC_ISA_USAGE = YES_ERROR;
				CLANG_WARN_DOCUMENTATION_COMMENTS = YES;
				CLANG_WARN_EMPTY_BODY = YES;
				CLANG_WARN_ENUM_CONVERSION = YES;
				CLANG_WARN_INFINITE_RECURSION = YES;
				CLANG_WARN_INT_CONVERSION = YES;
				CLANG_WARN_NON_LITERAL_NULL_CONVERSION = YES;
				CLANG_WARN_OBJC_IMPLICIT_RETAIN_SELF = YES;
				CLANG_WARN_OBJC_LITERAL_CONVERSION = YES;
				CLANG_WARN_OBJC_ROOT_CLASS = YES_ERROR;
				CLANG_WARN_QUOTED_INCLUDE_IN_FRAMEWORK_HEADER = YES;
				CLANG_WARN_RANGE_LOOP_ANALYSIS = YES;
				CLANG_WARN_STRICT_PROTOTYPES = YES;
				CLANG_WARN_SUSPICIOUS_MOVE = YES;
				CLANG_WARN_UNGUARDED_AVAILABILITY = YES_AGGRESSIVE;
				CLANG_WARN_UNREACHABLE_CODE = YES;
				CLANG_WARN__DUPLICATE_METHOD_MATCH = YES;
				COPY_PHASE_STRIP = NO;
				DEBUG_INFORMATION_FORMAT = dwarf;
				ENABLE_STRICT_OBJC_MSGSEND = YES;
				ENABLE_TESTABILITY = YES;
				GCC_C_LANGUAGE_STANDARD = gnu11;
				GCC_DYNAMIC_NO_PIC = NO;
				GCC_NO_COMMON_BLOCKS = YES;
				GCC_OPTIMIZATION_LEVEL = 0;
				GCC_PREPROCESSOR_DEFINITIONS = (
					"DEBUG=1",
					"$(inherited)",
				);
				GCC_WARN_64_TO_32_BIT_CONVERSION = YES;
				GCC_WARN_ABOUT_RETURN_TYPE = YES_ERROR;
				GCC_WARN_UNDECLARED_SELECTOR = YES;
				GCC_WARN_UNINITIALIZED_AUTOS = YES_AGGRESSIVE;
				GCC_WARN_UNUSED_FUNCTION = YES;
				GCC_WARN_UNUSED_VARIABLE = YES;
				IPHONEOS_DEPLOYMENT_TARGET = 14.5;
				MTL_ENABLE_DEBUG_INFO = INCLUDE_SOURCE;
				MTL_FAST_MATH = YES;
				ONLY_ACTIVE_ARCH = YES;
				SDKROOT = iphoneos;
				SWIFT_ACTIVE_COMPILATION_CONDITIONS = DEBUG;
				SWIFT_OPTIMIZATION_LEVEL = "-Onone";
			};
			name = Debug;
		};
		1BB21D03270352C2004004E2 /* Release */ = {
			isa = XCBuildConfiguration;
			buildSettings = {
				ALWAYS_SEARCH_USER_PATHS = NO;
				CLANG_ANALYZER_NONNULL = YES;
				CLANG_ANALYZER_NUMBER_OBJECT_CONVERSION = YES_AGGRESSIVE;
				CLANG_CXX_LANGUAGE_STANDARD = "gnu++14";
				CLANG_CXX_LIBRARY = "libc++";
				CLANG_ENABLE_MODULES = YES;
				CLANG_ENABLE_OBJC_ARC = YES;
				CLANG_ENABLE_OBJC_WEAK = YES;
				CLANG_WARN_BLOCK_CAPTURE_AUTORELEASING = YES;
				CLANG_WARN_BOOL_CONVERSION = YES;
				CLANG_WARN_COMMA = YES;
				CLANG_WARN_CONSTANT_CONVERSION = YES;
				CLANG_WARN_DEPRECATED_OBJC_IMPLEMENTATIONS = YES;
				CLANG_WARN_DIRECT_OBJC_ISA_USAGE = YES_ERROR;
				CLANG_WARN_DOCUMENTATION_COMMENTS = YES;
				CLANG_WARN_EMPTY_BODY = YES;
				CLANG_WARN_ENUM_CONVERSION = YES;
				CLANG_WARN_INFINITE_RECURSION = YES;
				CLANG_WARN_INT_CONVERSION = YES;
				CLANG_WARN_NON_LITERAL_NULL_CONVERSION = YES;
				CLANG_WARN_OBJC_IMPLICIT_RETAIN_SELF = YES;
				CLANG_WARN_OBJC_LITERAL_CONVERSION = YES;
				CLANG_WARN_OBJC_ROOT_CLASS = YES_ERROR;
				CLANG_WARN_QUOTED_INCLUDE_IN_FRAMEWORK_HEADER = YES;
				CLANG_WARN_RANGE_LOOP_ANALYSIS = YES;
				CLANG_WARN_STRICT_PROTOTYPES = YES;
				CLANG_WARN_SUSPICIOUS_MOVE = YES;
				CLANG_WARN_UNGUARDED_AVAILABILITY = YES_AGGRESSIVE;
				CLANG_WARN_UNREACHABLE_CODE = YES;
				CLANG_WARN__DUPLICATE_METHOD_MATCH = YES;
				COPY_PHASE_STRIP = NO;
				DEBUG_INFORMATION_FORMAT = "dwarf-with-dsym";
				ENABLE_NS_ASSERTIONS = NO;
				ENABLE_STRICT_OBJC_MSGSEND = YES;
				GCC_C_LANGUAGE_STANDARD = gnu11;
				GCC_NO_COMMON_BLOCKS = YES;
				GCC_WARN_64_TO_32_BIT_CONVERSION = YES;
				GCC_WARN_ABOUT_RETURN_TYPE = YES_ERROR;
				GCC_WARN_UNDECLARED_SELECTOR = YES;
				GCC_WARN_UNINITIALIZED_AUTOS = YES_AGGRESSIVE;
				GCC_WARN_UNUSED_FUNCTION = YES;
				GCC_WARN_UNUSED_VARIABLE = YES;
				IPHONEOS_DEPLOYMENT_TARGET = 14.5;
				MTL_ENABLE_DEBUG_INFO = NO;
				MTL_FAST_MATH = YES;
				SDKROOT = iphoneos;
				SWIFT_COMPILATION_MODE = wholemodule;
				SWIFT_OPTIMIZATION_LEVEL = "-O";
				VALIDATE_PRODUCT = YES;
			};
			name = Release;
		};
		1BB21D05270352C2004004E2 /* Debug */ = {
			isa = XCBuildConfiguration;
			buildSettings = {
				ASSETCATALOG_COMPILER_APPICON_NAME = AppIcon;
				ASSETCATALOG_COMPILER_GLOBAL_ACCENT_COLOR_NAME = AccentColor;
				CODE_SIGN_STYLE = Automatic;
				DEVELOPMENT_ASSET_PATHS = "\"gamepedia/Preview Content\"";
				DEVELOPMENT_TEAM = TXJ534LQ6U;
				ENABLE_PREVIEWS = YES;
				INFOPLIST_FILE = gamepedia/Info.plist;
				IPHONEOS_DEPLOYMENT_TARGET = 14.0;
				LD_RUNPATH_SEARCH_PATHS = (
					"$(inherited)",
					"@executable_path/Frameworks",
				);
				PRODUCT_BUNDLE_IDENTIFIER = com.rehanchrl.gamepedia;
				PRODUCT_NAME = "$(TARGET_NAME)";
				SWIFT_VERSION = 5.0;
				TARGETED_DEVICE_FAMILY = 1;
			};
			name = Debug;
		};
		1BB21D06270352C2004004E2 /* Release */ = {
			isa = XCBuildConfiguration;
			buildSettings = {
				ASSETCATALOG_COMPILER_APPICON_NAME = AppIcon;
				ASSETCATALOG_COMPILER_GLOBAL_ACCENT_COLOR_NAME = AccentColor;
				CODE_SIGN_STYLE = Automatic;
				DEVELOPMENT_ASSET_PATHS = "\"gamepedia/Preview Content\"";
				DEVELOPMENT_TEAM = TXJ534LQ6U;
				ENABLE_PREVIEWS = YES;
				INFOPLIST_FILE = gamepedia/Info.plist;
				IPHONEOS_DEPLOYMENT_TARGET = 14.0;
				LD_RUNPATH_SEARCH_PATHS = (
					"$(inherited)",
					"@executable_path/Frameworks",
				);
				PRODUCT_BUNDLE_IDENTIFIER = com.rehanchrl.gamepedia;
				PRODUCT_NAME = "$(TARGET_NAME)";
				SWIFT_VERSION = 5.0;
				TARGETED_DEVICE_FAMILY = 1;
			};
			name = Release;
		};
/* End XCBuildConfiguration section */

/* Begin XCConfigurationList section */
		1B7642002980355D001FB4B9 /* Build configuration list for PBXNativeTarget "gamepediaTests" */ = {
			isa = XCConfigurationList;
			buildConfigurations = (
				1B7641FE2980355D001FB4B9 /* Debug */,
				1B7641FF2980355D001FB4B9 /* Release */,
			);
			defaultConfigurationIsVisible = 0;
			defaultConfigurationName = Release;
		};
		1BB21CEB270352BD004004E2 /* Build configuration list for PBXProject "gamepedia" */ = {
			isa = XCConfigurationList;
			buildConfigurations = (
				1BB21D02270352C1004004E2 /* Debug */,
				1BB21D03270352C2004004E2 /* Release */,
			);
			defaultConfigurationIsVisible = 0;
			defaultConfigurationName = Release;
		};
		1BB21D04270352C2004004E2 /* Build configuration list for PBXNativeTarget "gamepedia" */ = {
			isa = XCConfigurationList;
			buildConfigurations = (
				1BB21D05270352C2004004E2 /* Debug */,
				1BB21D06270352C2004004E2 /* Release */,
			);
			defaultConfigurationIsVisible = 0;
			defaultConfigurationName = Release;
		};
/* End XCConfigurationList section */

/* Begin XCRemoteSwiftPackageReference section */
		1B7641EF29801C31001FB4B9 /* XCRemoteSwiftPackageReference "realm-swift" */ = {
			isa = XCRemoteSwiftPackageReference;
			repositoryURL = "https://github.com/realm/realm-swift.git";
			requirement = {
				kind = upToNextMajorVersion;
				minimumVersion = 10.34.0;
			};
		};
		1BFD84E2296EB3990087651A /* XCRemoteSwiftPackageReference "swiftui-cached-async-image" */ = {
			isa = XCRemoteSwiftPackageReference;
			repositoryURL = "https://github.com/lorenzofiamingo/swiftui-cached-async-image";
			requirement = {
				kind = upToNextMajorVersion;
				minimumVersion = 2.0.0;
			};
		};
/* End XCRemoteSwiftPackageReference section */

/* Begin XCSwiftPackageProductDependency section */
		1B7642052981BA4E001FB4B9 /* Core */ = {
			isa = XCSwiftPackageProductDependency;
			productName = Core;
		};
		1B7642072981BA53001FB4B9 /* Game */ = {
			isa = XCSwiftPackageProductDependency;
			productName = Game;
		};
		1BFD84E3296EB3990087651A /* CachedAsyncImage */ = {
			isa = XCSwiftPackageProductDependency;
			package = 1BFD84E2296EB3990087651A /* XCRemoteSwiftPackageReference "swiftui-cached-async-image" */;
			productName = CachedAsyncImage;
		};
/* End XCSwiftPackageProductDependency section */
	};
	rootObject = 1BB21CE8270352BD004004E2 /* Project object */;
}
