// !$*UTF8*$!
{
	archiveVersion = 1;
	classes = {
	};
	objectVersion = 50;
	objects = {

/* Begin PBXBuildFile section */
		1B3E8F5627039A9A0068E267 /* CustomImageView.swift in Sources */ = {isa = PBXBuildFile; fileRef = 1B3E8F5527039A9A0068E267 /* CustomImageView.swift */; };
		1B3E8F582703A11A0068E267 /* DetailView.swift in Sources */ = {isa = PBXBuildFile; fileRef = 1B3E8F572703A11A0068E267 /* DetailView.swift */; };
		1B4E8EA62704F7C8001CF0F1 /* RatingView.swift in Sources */ = {isa = PBXBuildFile; fileRef = 1B4E8EA52704F7C8001CF0F1 /* RatingView.swift */; };
		1B4E8EA82704F89F001CF0F1 /* AboutView.swift in Sources */ = {isa = PBXBuildFile; fileRef = 1B4E8EA72704F89F001CF0F1 /* AboutView.swift */; };
		1B4E8EAB2708BBDD001CF0F1 /* Favorite.xcdatamodeld in Sources */ = {isa = PBXBuildFile; fileRef = 1B4E8EA92708BBDD001CF0F1 /* Favorite.xcdatamodeld */; };
		1B4E8EAE2708BD2E001CF0F1 /* PersistenceController.swift in Sources */ = {isa = PBXBuildFile; fileRef = 1B4E8EAD2708BD2E001CF0F1 /* PersistenceController.swift */; };
		1B4E8EB02708D25A001CF0F1 /* FavoriteListView.swift in Sources */ = {isa = PBXBuildFile; fileRef = 1B4E8EAF2708D25A001CF0F1 /* FavoriteListView.swift */; };
		1BB21CF4270352BD004004E2 /* gamepediaApp.swift in Sources */ = {isa = PBXBuildFile; fileRef = 1BB21CF3270352BD004004E2 /* gamepediaApp.swift */; };
		1BB21CF6270352BD004004E2 /* ContentView.swift in Sources */ = {isa = PBXBuildFile; fileRef = 1BB21CF5270352BD004004E2 /* ContentView.swift */; };
		1BB21CF8270352C1004004E2 /* Assets.xcassets in Resources */ = {isa = PBXBuildFile; fileRef = 1BB21CF7270352C1004004E2 /* Assets.xcassets */; };
		1BB21CFB270352C1004004E2 /* Preview Assets.xcassets in Resources */ = {isa = PBXBuildFile; fileRef = 1BB21CFA270352C1004004E2 /* Preview Assets.xcassets */; };
		1BB21D0827035353004004E2 /* ApiService.swift in Sources */ = {isa = PBXBuildFile; fileRef = 1BB21D0727035352004004E2 /* ApiService.swift */; };
		1BB21D0C2703552F004004E2 /* GamesList.swift in Sources */ = {isa = PBXBuildFile; fileRef = 1BB21D0B2703552F004004E2 /* GamesList.swift */; };
		1BB21D0E27035662004004E2 /* GameDetail.swift in Sources */ = {isa = PBXBuildFile; fileRef = 1BB21D0D27035662004004E2 /* GameDetail.swift */; };
/* End PBXBuildFile section */

/* Begin PBXFileReference section */
		1B3E8F5527039A9A0068E267 /* CustomImageView.swift */ = {isa = PBXFileReference; lastKnownFileType = sourcecode.swift; path = CustomImageView.swift; sourceTree = "<group>"; };
		1B3E8F572703A11A0068E267 /* DetailView.swift */ = {isa = PBXFileReference; lastKnownFileType = sourcecode.swift; path = DetailView.swift; sourceTree = "<group>"; };
		1B4E8EA52704F7C8001CF0F1 /* RatingView.swift */ = {isa = PBXFileReference; lastKnownFileType = sourcecode.swift; path = RatingView.swift; sourceTree = "<group>"; };
		1B4E8EA72704F89F001CF0F1 /* AboutView.swift */ = {isa = PBXFileReference; lastKnownFileType = sourcecode.swift; path = AboutView.swift; sourceTree = "<group>"; };
		1B4E8EAA2708BBDD001CF0F1 /* Favorite.xcdatamodel */ = {isa = PBXFileReference; lastKnownFileType = wrapper.xcdatamodel; path = Favorite.xcdatamodel; sourceTree = "<group>"; };
		1B4E8EAD2708BD2E001CF0F1 /* PersistenceController.swift */ = {isa = PBXFileReference; lastKnownFileType = sourcecode.swift; path = PersistenceController.swift; sourceTree = "<group>"; };
		1B4E8EAF2708D25A001CF0F1 /* FavoriteListView.swift */ = {isa = PBXFileReference; lastKnownFileType = sourcecode.swift; path = FavoriteListView.swift; sourceTree = "<group>"; };
		1BB21CF0270352BD004004E2 /* gamepedia.app */ = {isa = PBXFileReference; explicitFileType = wrapper.application; includeInIndex = 0; path = gamepedia.app; sourceTree = BUILT_PRODUCTS_DIR; };
		1BB21CF3270352BD004004E2 /* gamepediaApp.swift */ = {isa = PBXFileReference; lastKnownFileType = sourcecode.swift; path = gamepediaApp.swift; sourceTree = "<group>"; };
		1BB21CF5270352BD004004E2 /* ContentView.swift */ = {isa = PBXFileReference; lastKnownFileType = sourcecode.swift; path = ContentView.swift; sourceTree = "<group>"; };
		1BB21CF7270352C1004004E2 /* Assets.xcassets */ = {isa = PBXFileReference; lastKnownFileType = folder.assetcatalog; path = Assets.xcassets; sourceTree = "<group>"; };
		1BB21CFA270352C1004004E2 /* Preview Assets.xcassets */ = {isa = PBXFileReference; lastKnownFileType = folder.assetcatalog; path = "Preview Assets.xcassets"; sourceTree = "<group>"; };
		1BB21D01270352C1004004E2 /* Info.plist */ = {isa = PBXFileReference; lastKnownFileType = text.plist.xml; path = Info.plist; sourceTree = "<group>"; };
		1BB21D0727035352004004E2 /* ApiService.swift */ = {isa = PBXFileReference; lastKnownFileType = sourcecode.swift; path = ApiService.swift; sourceTree = "<group>"; };
		1BB21D0B2703552F004004E2 /* GamesList.swift */ = {isa = PBXFileReference; lastKnownFileType = sourcecode.swift; path = GamesList.swift; sourceTree = "<group>"; };
		1BB21D0D27035662004004E2 /* GameDetail.swift */ = {isa = PBXFileReference; lastKnownFileType = sourcecode.swift; path = GameDetail.swift; sourceTree = "<group>"; };
/* End PBXFileReference section */

/* Begin PBXFrameworksBuildPhase section */
		1BB21CED270352BD004004E2 /* Frameworks */ = {
			isa = PBXFrameworksBuildPhase;
			buildActionMask = 2147483647;
			files = (
			);
			runOnlyForDeploymentPostprocessing = 0;
		};
/* End PBXFrameworksBuildPhase section */

/* Begin PBXGroup section */
		1B3E8F54270399B30068E267 /* extension */ = {
			isa = PBXGroup;
			children = (
				1B3E8F5527039A9A0068E267 /* CustomImageView.swift */,
			);
			path = extension;
			sourceTree = "<group>";
		};
		1B4E8EAC2708BCF9001CF0F1 /* Database */ = {
			isa = PBXGroup;
			children = (
				1B4E8EA92708BBDD001CF0F1 /* Favorite.xcdatamodeld */,
				1B4E8EAD2708BD2E001CF0F1 /* PersistenceController.swift */,
			);
			path = Database;
			sourceTree = "<group>";
		};
		1BB21CE7270352BD004004E2 = {
			isa = PBXGroup;
			children = (
				1BB21CF2270352BD004004E2 /* gamepedia */,
				1BB21CF1270352BD004004E2 /* Products */,
			);
			sourceTree = "<group>";
		};
		1BB21CF1270352BD004004E2 /* Products */ = {
			isa = PBXGroup;
			children = (
				1BB21CF0270352BD004004E2 /* gamepedia.app */,
			);
			name = Products;
			sourceTree = "<group>";
		};
		1BB21CF2270352BD004004E2 /* gamepedia */ = {
			isa = PBXGroup;
			children = (
				1B4E8EAC2708BCF9001CF0F1 /* Database */,
				1B3E8F54270399B30068E267 /* extension */,
				1BB21D0A270354F6004004E2 /* Network */,
				1BB21D09270354EE004004E2 /* Model */,
				1BB21CF3270352BD004004E2 /* gamepediaApp.swift */,
				1BB21CF5270352BD004004E2 /* ContentView.swift */,
				1B3E8F572703A11A0068E267 /* DetailView.swift */,
				1B4E8EAF2708D25A001CF0F1 /* FavoriteListView.swift */,
				1B4E8EA52704F7C8001CF0F1 /* RatingView.swift */,
				1B4E8EA72704F89F001CF0F1 /* AboutView.swift */,
				1BB21CF7270352C1004004E2 /* Assets.xcassets */,
				1BB21D01270352C1004004E2 /* Info.plist */,
				1BB21CF9270352C1004004E2 /* Preview Content */,
			);
			path = gamepedia;
			sourceTree = "<group>";
		};
		1BB21CF9270352C1004004E2 /* Preview Content */ = {
			isa = PBXGroup;
			children = (
				1BB21CFA270352C1004004E2 /* Preview Assets.xcassets */,
			);
			path = "Preview Content";
			sourceTree = "<group>";
		};
		1BB21D09270354EE004004E2 /* Model */ = {
			isa = PBXGroup;
			children = (
				1BB21D0B2703552F004004E2 /* GamesList.swift */,
				1BB21D0D27035662004004E2 /* GameDetail.swift */,
			);
			path = Model;
			sourceTree = "<group>";
		};
		1BB21D0A270354F6004004E2 /* Network */ = {
			isa = PBXGroup;
			children = (
				1BB21D0727035352004004E2 /* ApiService.swift */,
			);
			path = Network;
			sourceTree = "<group>";
		};
/* End PBXGroup section */

/* Begin PBXNativeTarget section */
		1BB21CEF270352BD004004E2 /* gamepedia */ = {
			isa = PBXNativeTarget;
			buildConfigurationList = 1BB21D04270352C2004004E2 /* Build configuration list for PBXNativeTarget "gamepedia" */;
			buildPhases = (
				1BB21CEC270352BD004004E2 /* Sources */,
				1BB21CED270352BD004004E2 /* Frameworks */,
				1BB21CEE270352BD004004E2 /* Resources */,
			);
			buildRules = (
			);
			dependencies = (
			);
			name = gamepedia;
			productName = gamepedia;
			productReference = 1BB21CF0270352BD004004E2 /* gamepedia.app */;
			productType = "com.apple.product-type.application";
		};
/* End PBXNativeTarget section */

/* Begin PBXProject section */
		1BB21CE8270352BD004004E2 /* Project object */ = {
			isa = PBXProject;
			attributes = {
				LastSwiftUpdateCheck = 1250;
				LastUpgradeCheck = 1250;
				TargetAttributes = {
					1BB21CEF270352BD004004E2 = {
						CreatedOnToolsVersion = 12.5.1;
					};
				};
			};
			buildConfigurationList = 1BB21CEB270352BD004004E2 /* Build configuration list for PBXProject "gamepedia" */;
			compatibilityVersion = "Xcode 9.3";
			developmentRegion = en;
			hasScannedForEncodings = 0;
			knownRegions = (
				en,
				Base,
			);
			mainGroup = 1BB21CE7270352BD004004E2;
			productRefGroup = 1BB21CF1270352BD004004E2 /* Products */;
			projectDirPath = "";
			projectRoot = "";
			targets = (
				1BB21CEF270352BD004004E2 /* gamepedia */,
			);
		};
/* End PBXProject section */

/* Begin PBXResourcesBuildPhase section */
		1BB21CEE270352BD004004E2 /* Resources */ = {
			isa = PBXResourcesBuildPhase;
			buildActionMask = 2147483647;
			files = (
				1BB21CFB270352C1004004E2 /* Preview Assets.xcassets in Resources */,
				1BB21CF8270352C1004004E2 /* Assets.xcassets in Resources */,
			);
			runOnlyForDeploymentPostprocessing = 0;
		};
/* End PBXResourcesBuildPhase section */

/* Begin PBXSourcesBuildPhase section */
		1BB21CEC270352BD004004E2 /* Sources */ = {
			isa = PBXSourcesBuildPhase;
			buildActionMask = 2147483647;
			files = (
				1B4E8EAB2708BBDD001CF0F1 /* Favorite.xcdatamodeld in Sources */,
				1B3E8F582703A11A0068E267 /* DetailView.swift in Sources */,
				1B3E8F5627039A9A0068E267 /* CustomImageView.swift in Sources */,
				1B4E8EA62704F7C8001CF0F1 /* RatingView.swift in Sources */,
				1BB21D0827035353004004E2 /* ApiService.swift in Sources */,
				1B4E8EA82704F89F001CF0F1 /* AboutView.swift in Sources */,
				1BB21CF6270352BD004004E2 /* ContentView.swift in Sources */,
				1B4E8EAE2708BD2E001CF0F1 /* PersistenceController.swift in Sources */,
				1B4E8EB02708D25A001CF0F1 /* FavoriteListView.swift in Sources */,
				1BB21CF4270352BD004004E2 /* gamepediaApp.swift in Sources */,
				1BB21D0E27035662004004E2 /* GameDetail.swift in Sources */,
				1BB21D0C2703552F004004E2 /* GamesList.swift in Sources */,
			);
			runOnlyForDeploymentPostprocessing = 0;
		};
/* End PBXSourcesBuildPhase section */

/* Begin XCBuildConfiguration section */
		1BB21D02270352C1004004E2 /* Debug */ = {
			isa = XCBuildConfiguration;
			buildSettings = {
				ALWAYS_SEARCH_USER_PATHS = NO;
				CLANG_ANALYZER_NONNULL = YES;
				CLANG_ANALYZER_NUMBER_OBJECT_CONVERSION = YES_AGGRESSIVE;
				CLANG_CXX_LANGUAGE_STANDARD = "gnu++14";
				CLANG_CXX_LIBRARY = "libc++";
				CLANG_ENABLE_MODULES = YES;
				CLANG_ENABLE_OBJC_ARC = YES;
				CLANG_ENABLE_OBJC_WEAK = YES;
				CLANG_WARN_BLOCK_CAPTURE_AUTORELEASING = YES;
				CLANG_WARN_BOOL_CONVERSION = YES;
				CLANG_WARN_COMMA = YES;
				CLANG_WARN_CONSTANT_CONVERSION = YES;
				CLANG_WARN_DEPRECATED_OBJC_IMPLEMENTATIONS = YES;
				CLANG_WARN_DIRECT_OBJC_ISA_USAGE = YES_ERROR;
				CLANG_WARN_DOCUMENTATION_COMMENTS = YES;
				CLANG_WARN_EMPTY_BODY = YES;
				CLANG_WARN_ENUM_CONVERSION = YES;
				CLANG_WARN_INFINITE_RECURSION = YES;
				CLANG_WARN_INT_CONVERSION = YES;
				CLANG_WARN_NON_LITERAL_NULL_CONVERSION = YES;
				CLANG_WARN_OBJC_IMPLICIT_RETAIN_SELF = YES;
				CLANG_WARN_OBJC_LITERAL_CONVERSION = YES;
				CLANG_WARN_OBJC_ROOT_CLASS = YES_ERROR;
				CLANG_WARN_QUOTED_INCLUDE_IN_FRAMEWORK_HEADER = YES;
				CLANG_WARN_RANGE_LOOP_ANALYSIS = YES;
				CLANG_WARN_STRICT_PROTOTYPES = YES;
				CLANG_WARN_SUSPICIOUS_MOVE = YES;
				CLANG_WARN_UNGUARDED_AVAILABILITY = YES_AGGRESSIVE;
				CLANG_WARN_UNREACHABLE_CODE = YES;
				CLANG_WARN__DUPLICATE_METHOD_MATCH = YES;
				COPY_PHASE_STRIP = NO;
				DEBUG_INFORMATION_FORMAT = dwarf;
				ENABLE_STRICT_OBJC_MSGSEND = YES;
				ENABLE_TESTABILITY = YES;
				GCC_C_LANGUAGE_STANDARD = gnu11;
				GCC_DYNAMIC_NO_PIC = NO;
				GCC_NO_COMMON_BLOCKS = YES;
				GCC_OPTIMIZATION_LEVEL = 0;
				GCC_PREPROCESSOR_DEFINITIONS = (
					"DEBUG=1",
					"$(inherited)",
				);
				GCC_WARN_64_TO_32_BIT_CONVERSION = YES;
				GCC_WARN_ABOUT_RETURN_TYPE = YES_ERROR;
				GCC_WARN_UNDECLARED_SELECTOR = YES;
				GCC_WARN_UNINITIALIZED_AUTOS = YES_AGGRESSIVE;
				GCC_WARN_UNUSED_FUNCTION = YES;
				GCC_WARN_UNUSED_VARIABLE = YES;
				IPHONEOS_DEPLOYMENT_TARGET = 14.5;
				MTL_ENABLE_DEBUG_INFO = INCLUDE_SOURCE;
				MTL_FAST_MATH = YES;
				ONLY_ACTIVE_ARCH = YES;
				SDKROOT = iphoneos;
				SWIFT_ACTIVE_COMPILATION_CONDITIONS = DEBUG;
				SWIFT_OPTIMIZATION_LEVEL = "-Onone";
			};
			name = Debug;
		};
		1BB21D03270352C2004004E2 /* Release */ = {
			isa = XCBuildConfiguration;
			buildSettings = {
				ALWAYS_SEARCH_USER_PATHS = NO;
				CLANG_ANALYZER_NONNULL = YES;
				CLANG_ANALYZER_NUMBER_OBJECT_CONVERSION = YES_AGGRESSIVE;
				CLANG_CXX_LANGUAGE_STANDARD = "gnu++14";
				CLANG_CXX_LIBRARY = "libc++";
				CLANG_ENABLE_MODULES = YES;
				CLANG_ENABLE_OBJC_ARC = YES;
				CLANG_ENABLE_OBJC_WEAK = YES;
				CLANG_WARN_BLOCK_CAPTURE_AUTORELEASING = YES;
				CLANG_WARN_BOOL_CONVERSION = YES;
				CLANG_WARN_COMMA = YES;
				CLANG_WARN_CONSTANT_CONVERSION = YES;
				CLANG_WARN_DEPRECATED_OBJC_IMPLEMENTATIONS = YES;
				CLANG_WARN_DIRECT_OBJC_ISA_USAGE = YES_ERROR;
				CLANG_WARN_DOCUMENTATION_COMMENTS = YES;
				CLANG_WARN_EMPTY_BODY = YES;
				CLANG_WARN_ENUM_CONVERSION = YES;
				CLANG_WARN_INFINITE_RECURSION = YES;
				CLANG_WARN_INT_CONVERSION = YES;
				CLANG_WARN_NON_LITERAL_NULL_CONVERSION = YES;
				CLANG_WARN_OBJC_IMPLICIT_RETAIN_SELF = YES;
				CLANG_WARN_OBJC_LITERAL_CONVERSION = YES;
				CLANG_WARN_OBJC_ROOT_CLASS = YES_ERROR;
				CLANG_WARN_QUOTED_INCLUDE_IN_FRAMEWORK_HEADER = YES;
				CLANG_WARN_RANGE_LOOP_ANALYSIS = YES;
				CLANG_WARN_STRICT_PROTOTYPES = YES;
				CLANG_WARN_SUSPICIOUS_MOVE = YES;
				CLANG_WARN_UNGUARDED_AVAILABILITY = YES_AGGRESSIVE;
				CLANG_WARN_UNREACHABLE_CODE = YES;
				CLANG_WARN__DUPLICATE_METHOD_MATCH = YES;
				COPY_PHASE_STRIP = NO;
				DEBUG_INFORMATION_FORMAT = "dwarf-with-dsym";
				ENABLE_NS_ASSERTIONS = NO;
				ENABLE_STRICT_OBJC_MSGSEND = YES;
				GCC_C_LANGUAGE_STANDARD = gnu11;
				GCC_NO_COMMON_BLOCKS = YES;
				GCC_WARN_64_TO_32_BIT_CONVERSION = YES;
				GCC_WARN_ABOUT_RETURN_TYPE = YES_ERROR;
				GCC_WARN_UNDECLARED_SELECTOR = YES;
				GCC_WARN_UNINITIALIZED_AUTOS = YES_AGGRESSIVE;
				GCC_WARN_UNUSED_FUNCTION = YES;
				GCC_WARN_UNUSED_VARIABLE = YES;
				IPHONEOS_DEPLOYMENT_TARGET = 14.5;
				MTL_ENABLE_DEBUG_INFO = NO;
				MTL_FAST_MATH = YES;
				SDKROOT = iphoneos;
				SWIFT_COMPILATION_MODE = wholemodule;
				SWIFT_OPTIMIZATION_LEVEL = "-O";
				VALIDATE_PRODUCT = YES;
			};
			name = Release;
		};
		1BB21D05270352C2004004E2 /* Debug */ = {
			isa = XCBuildConfiguration;
			buildSettings = {
				ASSETCATALOG_COMPILER_APPICON_NAME = AppIcon;
				ASSETCATALOG_COMPILER_GLOBAL_ACCENT_COLOR_NAME = AccentColor;
				CODE_SIGN_STYLE = Automatic;
				DEVELOPMENT_ASSET_PATHS = "\"gamepedia/Preview Content\"";
				DEVELOPMENT_TEAM = TXJ534LQ6U;
				ENABLE_PREVIEWS = YES;
				INFOPLIST_FILE = gamepedia/Info.plist;
				IPHONEOS_DEPLOYMENT_TARGET = 14.0;
				LD_RUNPATH_SEARCH_PATHS = (
					"$(inherited)",
					"@executable_path/Frameworks",
				);
				PRODUCT_BUNDLE_IDENTIFIER = com.rehanchrl.gamepedia;
				PRODUCT_NAME = "$(TARGET_NAME)";
				SWIFT_VERSION = 5.0;
				TARGETED_DEVICE_FAMILY = "1,2";
			};
			name = Debug;
		};
		1BB21D06270352C2004004E2 /* Release */ = {
			isa = XCBuildConfiguration;
			buildSettings = {
				ASSETCATALOG_COMPILER_APPICON_NAME = AppIcon;
				ASSETCATALOG_COMPILER_GLOBAL_ACCENT_COLOR_NAME = AccentColor;
				CODE_SIGN_STYLE = Automatic;
				DEVELOPMENT_ASSET_PATHS = "\"gamepedia/Preview Content\"";
				DEVELOPMENT_TEAM = TXJ534LQ6U;
				ENABLE_PREVIEWS = YES;
				INFOPLIST_FILE = gamepedia/Info.plist;
				IPHONEOS_DEPLOYMENT_TARGET = 14.0;
				LD_RUNPATH_SEARCH_PATHS = (
					"$(inherited)",
					"@executable_path/Frameworks",
				);
				PRODUCT_BUNDLE_IDENTIFIER = com.rehanchrl.gamepedia;
				PRODUCT_NAME = "$(TARGET_NAME)";
				SWIFT_VERSION = 5.0;
				TARGETED_DEVICE_FAMILY = "1,2";
			};
			name = Release;
		};
/* End XCBuildConfiguration section */

/* Begin XCConfigurationList section */
		1BB21CEB270352BD004004E2 /* Build configuration list for PBXProject "gamepedia" */ = {
			isa = XCConfigurationList;
			buildConfigurations = (
				1BB21D02270352C1004004E2 /* Debug */,
				1BB21D03270352C2004004E2 /* Release */,
			);
			defaultConfigurationIsVisible = 0;
			defaultConfigurationName = Release;
		};
		1BB21D04270352C2004004E2 /* Build configuration list for PBXNativeTarget "gamepedia" */ = {
			isa = XCConfigurationList;
			buildConfigurations = (
				1BB21D05270352C2004004E2 /* Debug */,
				1BB21D06270352C2004004E2 /* Release */,
			);
			defaultConfigurationIsVisible = 0;
			defaultConfigurationName = Release;
		};
/* End XCConfigurationList section */

/* Begin XCVersionGroup section */
		1B4E8EA92708BBDD001CF0F1 /* Favorite.xcdatamodeld */ = {
			isa = XCVersionGroup;
			children = (
				1B4E8EAA2708BBDD001CF0F1 /* Favorite.xcdatamodel */,
			);
			currentVersion = 1B4E8EAA2708BBDD001CF0F1 /* Favorite.xcdatamodel */;
			path = Favorite.xcdatamodeld;
			sourceTree = "<group>";
			versionGroupType = wrapper.xcdatamodel;
		};
/* End XCVersionGroup section */
	};
	rootObject = 1BB21CE8270352BD004004E2 /* Project object */;
}
